
Microsoft Visual Studio Solution File, Format Version 12.00
# Visual Studio 15
VisualStudioVersion = 15.0.27130.2010
MinimumVisualStudioVersion = 10.0.40219.1
Project("{FAE04EC0-301F-11D3-BF4B-00C04F79EFBC}") = "OouiTemplates", "OouiTemplates\OouiTemplates.csproj", "{1DA10AAB-EB41-49CF-9441-B4D28D0A7F96}"
EndProject
Project("{2150E333-8FDC-42A3-9474-1A3956D46DE8}") = "Projects", "Projects", "{5B7AAFBE-F903-48F3-B088-00CA5751E4CE}"
EndProject
Project("{2150E333-8FDC-42A3-9474-1A3956D46DE8}") = "EmptyApp", "EmptyApp", "{C9F84B9D-CA16-4900-AA93-4C6EF7FE6B9B}"
EndProject
Project("{2150E333-8FDC-42A3-9474-1A3956D46DE8}") = "ProjectTemplates", "ProjectTemplates", "{959E6C3C-868D-4DFA-BF0F-1D5B9588B20F}"
EndProject
Project("{2150E333-8FDC-42A3-9474-1A3956D46DE8}") = "EmptyApp", "EmptyApp", "{CAB0CBD0-4E46-4B46-B340-461E8BCF4198}"
	ProjectSection(SolutionItems) = preProject
		ProjectTemplates\EmptyApp\MyTemplate.vstemplate = ProjectTemplates\EmptyApp\MyTemplate.vstemplate
		ProjectTemplates\EmptyApp\OouiFormsApp.csproj = ProjectTemplates\EmptyApp\OouiFormsApp.csproj
	EndProjectSection
EndProject
Project("{9A19103F-16F7-4668-BE54-9A1E7A4F7556}") = "OouiFormsApp", "Projects\EmptyApp\OouiFormsApp\OouiFormsApp.csproj", "{DF414AA4-6310-490B-A74B-9E73D2D55AA3}"
EndProject
Global
	GlobalSection(SolutionConfigurationPlatforms) = preSolution
		Debug|Any CPU = Debug|Any CPU
		Release|Any CPU = Release|Any CPU
	EndGlobalSection
	GlobalSection(ProjectConfigurationPlatforms) = postSolution
		{1DA10AAB-EB41-49CF-9441-B4D28D0A7F96}.Debug|Any CPU.ActiveCfg = Debug|Any CPU
		{1DA10AAB-EB41-49CF-9441-B4D28D0A7F96}.Debug|Any CPU.Build.0 = Debug|Any CPU
		{1DA10AAB-EB41-49CF-9441-B4D28D0A7F96}.Release|Any CPU.ActiveCfg = Release|Any CPU
		{1DA10AAB-EB41-49CF-9441-B4D28D0A7F96}.Release|Any CPU.Build.0 = Release|Any CPU
		{DF414AA4-6310-490B-A74B-9E73D2D55AA3}.Debug|Any CPU.ActiveCfg = Debug|Any CPU
		{DF414AA4-6310-490B-A74B-9E73D2D55AA3}.Debug|Any CPU.Build.0 = Debug|Any CPU
		{DF414AA4-6310-490B-A74B-9E73D2D55AA3}.Release|Any CPU.ActiveCfg = Release|Any CPU
		{DF414AA4-6310-490B-A74B-9E73D2D55AA3}.Release|Any CPU.Build.0 = Release|Any CPU
	EndGlobalSection
	GlobalSection(SolutionProperties) = preSolution
		HideSolutionNode = FALSE
	EndGlobalSection
	GlobalSection(NestedProjects) = preSolution
		{C9F84B9D-CA16-4900-AA93-4C6EF7FE6B9B} = {5B7AAFBE-F903-48F3-B088-00CA5751E4CE}
		{CAB0CBD0-4E46-4B46-B340-461E8BCF4198} = {959E6C3C-868D-4DFA-BF0F-1D5B9588B20F}
		{DF414AA4-6310-490B-A74B-9E73D2D55AA3} = {C9F84B9D-CA16-4900-AA93-4C6EF7FE6B9B}
	EndGlobalSection
	GlobalSection(ExtensibilityGlobals) = postSolution
		SolutionGuid = {948E5A4D-3BBA-4A49-AB26-8C64578957A1}
	EndGlobalSection
EndGlobal
