
Microsoft Visual Studio Solution File, Format Version 12.00
# Visual Studio 15
VisualStudioVersion = 15.0.27130.2010
MinimumVisualStudioVersion = 10.0.40219.1
Project("{FAE04EC0-301F-11D3-BF4B-00C04F79EFBC}") = "OouiFormsApp", "OouiFormsApp\OouiFormsApp.csproj", "{354CD92C-D4E0-4263-9466-98C260371F3A}"
EndProject
Global
	GlobalSection(SolutionConfigurationPlatforms) = preSolution
		Debug|Any CPU = Debug|Any CPU
		Release|Any CPU = Release|Any CPU
	EndGlobalSection
	GlobalSection(ProjectConfigurationPlatforms) = postSolution
		{354CD92C-D4E0-4263-9466-98C260371F3A}.Debug|Any CPU.ActiveCfg = Debug|Any CPU
		{354CD92C-D4E0-4263-9466-98C260371F3A}.Debug|Any CPU.Build.0 = Debug|Any CPU
		{354CD92C-D4E0-4263-9466-98C260371F3A}.Release|Any CPU.ActiveCfg = Release|Any CPU
		{354CD92C-D4E0-4263-9466-98C260371F3A}.Release|Any CPU.Build.0 = Release|Any CPU
	EndGlobalSection
	GlobalSection(SolutionProperties) = preSolution
		HideSolutionNode = FALSE
	EndGlobalSection
	GlobalSection(ExtensibilityGlobals) = postSolution
		SolutionGuid = {83B48944-0124-4EC4-B238-63256E394A90}
	EndGlobalSection
EndGlobal
